// !$*UTF8*$!
{
	archiveVersion = 1;
	classes = {
	};
	objectVersion = 48;
	objects = {

/* Begin PBXBuildFile section */
		77B9127B1F700DB50043D749 /* AppDelegate.swift in Sources */ = {isa = PBXBuildFile; fileRef = 77B9127A1F700DB50043D749 /* AppDelegate.swift */; };
		77B9127D1F700DB50043D749 /* ViewController.swift in Sources */ = {isa = PBXBuildFile; fileRef = 77B9127C1F700DB50043D749 /* ViewController.swift */; };
		77B912801F700DB50043D749 /* Main.storyboard in Resources */ = {isa = PBXBuildFile; fileRef = 77B9127E1F700DB50043D749 /* Main.storyboard */; };
		77B912821F700DB50043D749 /* Assets.xcassets in Resources */ = {isa = PBXBuildFile; fileRef = 77B912811F700DB50043D749 /* Assets.xcassets */; };
		77B912851F700DB50043D749 /* LaunchScreen.storyboard in Resources */ = {isa = PBXBuildFile; fileRef = 77B912831F700DB50043D749 /* LaunchScreen.storyboard */; };
		77B912901F700DB60043D749 /* ImageRecognizerAppTests.swift in Sources */ = {isa = PBXBuildFile; fileRef = 77B9128F1F700DB60043D749 /* ImageRecognizerAppTests.swift */; };
		77B9129B1F700DB60043D749 /* ImageRecognizerAppUITests.swift in Sources */ = {isa = PBXBuildFile; fileRef = 77B9129A1F700DB60043D749 /* ImageRecognizerAppUITests.swift */; };
		77B912A91F7020B80043D749 /* Resnet50.mlmodel in Sources */ = {isa = PBXBuildFile; fileRef = 77B912A81F701DF60043D749 /* Resnet50.mlmodel */; };
/* End PBXBuildFile section */

/* Begin PBXContainerItemProxy section */
		77B9128C1F700DB60043D749 /* PBXContainerItemProxy */ = {
			isa = PBXContainerItemProxy;
			containerPortal = 77B9126F1F700DB50043D749 /* Project object */;
			proxyType = 1;
			remoteGlobalIDString = 77B912761F700DB50043D749;
			remoteInfo = ImageRecognizerApp;
		};
		77B912971F700DB60043D749 /* PBXContainerItemProxy */ = {
			isa = PBXContainerItemProxy;
			containerPortal = 77B9126F1F700DB50043D749 /* Project object */;
			proxyType = 1;
			remoteGlobalIDString = 77B912761F700DB50043D749;
			remoteInfo = ImageRecognizerApp;
		};
/* End PBXContainerItemProxy section */

/* Begin PBXFileReference section */
		77B912771F700DB50043D749 /* ImageRecognizerApp.app */ = {isa = PBXFileReference; explicitFileType = wrapper.application; includeInIndex = 0; path = ImageRecognizerApp.app; sourceTree = BUILT_PRODUCTS_DIR; };
		77B9127A1F700DB50043D749 /* AppDelegate.swift */ = {isa = PBXFileReference; lastKnownFileType = sourcecode.swift; path = AppDelegate.swift; sourceTree = "<group>"; };
		77B9127C1F700DB50043D749 /* ViewController.swift */ = {isa = PBXFileReference; lastKnownFileType = sourcecode.swift; path = ViewController.swift; sourceTree = "<group>"; };
		77B9127F1F700DB50043D749 /* Base */ = {isa = PBXFileReference; lastKnownFileType = file.storyboard; name = Base; path = Base.lproj/Main.storyboard; sourceTree = "<group>"; };
		77B912811F700DB50043D749 /* Assets.xcassets */ = {isa = PBXFileReference; lastKnownFileType = folder.assetcatalog; path = Assets.xcassets; sourceTree = "<group>"; };
		77B912841F700DB50043D749 /* Base */ = {isa = PBXFileReference; lastKnownFileType = file.storyboard; name = Base; path = Base.lproj/LaunchScreen.storyboard; sourceTree = "<group>"; };
		77B912861F700DB60043D749 /* Info.plist */ = {isa = PBXFileReference; lastKnownFileType = text.plist.xml; path = Info.plist; sourceTree = "<group>"; };
		77B9128B1F700DB60043D749 /* ImageRecognizerAppTests.xctest */ = {isa = PBXFileReference; explicitFileType = wrapper.cfbundle; includeInIndex = 0; path = ImageRecognizerAppTests.xctest; sourceTree = BUILT_PRODUCTS_DIR; };
		77B9128F1F700DB60043D749 /* ImageRecognizerAppTests.swift */ = {isa = PBXFileReference; lastKnownFileType = sourcecode.swift; path = ImageRecognizerAppTests.swift; sourceTree = "<group>"; };
		77B912911F700DB60043D749 /* Info.plist */ = {isa = PBXFileReference; lastKnownFileType = text.plist.xml; path = Info.plist; sourceTree = "<group>"; };
		77B912961F700DB60043D749 /* ImageRecognizerAppUITests.xctest */ = {isa = PBXFileReference; explicitFileType = wrapper.cfbundle; includeInIndex = 0; path = ImageRecognizerAppUITests.xctest; sourceTree = BUILT_PRODUCTS_DIR; };
		77B9129A1F700DB60043D749 /* ImageRecognizerAppUITests.swift */ = {isa = PBXFileReference; lastKnownFileType = sourcecode.swift; path = ImageRecognizerAppUITests.swift; sourceTree = "<group>"; };
		77B9129C1F700DB60043D749 /* Info.plist */ = {isa = PBXFileReference; lastKnownFileType = text.plist.xml; path = Info.plist; sourceTree = "<group>"; };
		77B912A81F701DF60043D749 /* Resnet50.mlmodel */ = {isa = PBXFileReference; lastKnownFileType = file.mlmodel; path = Resnet50.mlmodel; sourceTree = "<group>"; };
/* End PBXFileReference section */

/* Begin PBXFrameworksBuildPhase section */
		77B912741F700DB50043D749 /* Frameworks */ = {
			isa = PBXFrameworksBuildPhase;
			buildActionMask = 2147483647;
			files = (
			);
			runOnlyForDeploymentPostprocessing = 0;
		};
		77B912881F700DB60043D749 /* Frameworks */ = {
			isa = PBXFrameworksBuildPhase;
			buildActionMask = 2147483647;
			files = (
			);
			runOnlyForDeploymentPostprocessing = 0;
		};
		77B912931F700DB60043D749 /* Frameworks */ = {
			isa = PBXFrameworksBuildPhase;
			buildActionMask = 2147483647;
			files = (
			);
			runOnlyForDeploymentPostprocessing = 0;
		};
/* End PBXFrameworksBuildPhase section */

/* Begin PBXGroup section */
		77B9126E1F700DB50043D749 = {
			isa = PBXGroup;
			children = (
				77B912791F700DB50043D749 /* ImageRecognizerApp */,
				77B9128E1F700DB60043D749 /* ImageRecognizerAppTests */,
				77B912991F700DB60043D749 /* ImageRecognizerAppUITests */,
				77B912781F700DB50043D749 /* Products */,
			);
			sourceTree = "<group>";
		};
		77B912781F700DB50043D749 /* Products */ = {
			isa = PBXGroup;
			children = (
				77B912771F700DB50043D749 /* ImageRecognizerApp.app */,
				77B9128B1F700DB60043D749 /* ImageRecognizerAppTests.xctest */,
				77B912961F700DB60043D749 /* ImageRecognizerAppUITests.xctest */,
			);
			name = Products;
			sourceTree = "<group>";
		};
		77B912791F700DB50043D749 /* ImageRecognizerApp */ = {
			isa = PBXGroup;
			children = (
				77B9127A1F700DB50043D749 /* AppDelegate.swift */,
				77B9127C1F700DB50043D749 /* ViewController.swift */,
				77B9127E1F700DB50043D749 /* Main.storyboard */,
				77B912811F700DB50043D749 /* Assets.xcassets */,
				77B912831F700DB50043D749 /* LaunchScreen.storyboard */,
				77B912861F700DB60043D749 /* Info.plist */,
				77B912A81F701DF60043D749 /* Resnet50.mlmodel */,
			);
			path = ImageRecognizerApp;
			sourceTree = "<group>";
		};
		77B9128E1F700DB60043D749 /* ImageRecognizerAppTests */ = {
			isa = PBXGroup;
			children = (
				77B9128F1F700DB60043D749 /* ImageRecognizerAppTests.swift */,
				77B912911F700DB60043D749 /* Info.plist */,
			);
			path = ImageRecognizerAppTests;
			sourceTree = "<group>";
		};
		77B912991F700DB60043D749 /* ImageRecognizerAppUITests */ = {
			isa = PBXGroup;
			children = (
				77B9129A1F700DB60043D749 /* ImageRecognizerAppUITests.swift */,
				77B9129C1F700DB60043D749 /* Info.plist */,
			);
			path = ImageRecognizerAppUITests;
			sourceTree = "<group>";
		};
/* End PBXGroup section */

/* Begin PBXNativeTarget section */
		77B912761F700DB50043D749 /* ImageRecognizerApp */ = {
			isa = PBXNativeTarget;
			buildConfigurationList = 77B9129F1F700DB60043D749 /* Build configuration list for PBXNativeTarget "ImageRecognizerApp" */;
			buildPhases = (
				77B912731F700DB50043D749 /* Sources */,
				77B912741F700DB50043D749 /* Frameworks */,
				77B912751F700DB50043D749 /* Resources */,
			);
			buildRules = (
			);
			dependencies = (
			);
			name = ImageRecognizerApp;
			productName = ImageRecognizerApp;
			productReference = 77B912771F700DB50043D749 /* ImageRecognizerApp.app */;
			productType = "com.apple.product-type.application";
		};
		77B9128A1F700DB60043D749 /* ImageRecognizerAppTests */ = {
			isa = PBXNativeTarget;
			buildConfigurationList = 77B912A21F700DB60043D749 /* Build configuration list for PBXNativeTarget "ImageRecognizerAppTests" */;
			buildPhases = (
				77B912871F700DB60043D749 /* Sources */,
				77B912881F700DB60043D749 /* Frameworks */,
				77B912891F700DB60043D749 /* Resources */,
			);
			buildRules = (
			);
			dependencies = (
				77B9128D1F700DB60043D749 /* PBXTargetDependency */,
			);
			name = ImageRecognizerAppTests;
			productName = ImageRecognizerAppTests;
			productReference = 77B9128B1F700DB60043D749 /* ImageRecognizerAppTests.xctest */;
			productType = "com.apple.product-type.bundle.unit-test";
		};
		77B912951F700DB60043D749 /* ImageRecognizerAppUITests */ = {
			isa = PBXNativeTarget;
			buildConfigurationList = 77B912A51F700DB60043D749 /* Build configuration list for PBXNativeTarget "ImageRecognizerAppUITests" */;
			buildPhases = (
				77B912921F700DB60043D749 /* Sources */,
				77B912931F700DB60043D749 /* Frameworks */,
				77B912941F700DB60043D749 /* Resources */,
			);
			buildRules = (
			);
			dependencies = (
				77B912981F700DB60043D749 /* PBXTargetDependency */,
			);
			name = ImageRecognizerAppUITests;
			productName = ImageRecognizerAppUITests;
			productReference = 77B912961F700DB60043D749 /* ImageRecognizerAppUITests.xctest */;
			productType = "com.apple.product-type.bundle.ui-testing";
		};
/* End PBXNativeTarget section */

/* Begin PBXProject section */
		77B9126F1F700DB50043D749 /* Project object */ = {
			isa = PBXProject;
			attributes = {
				LastSwiftUpdateCheck = 0900;
				LastUpgradeCheck = 0900;
				ORGANIZATIONNAME = MayurBeldar;
				TargetAttributes = {
					77B912761F700DB50043D749 = {
						CreatedOnToolsVersion = 9.0;
						ProvisioningStyle = Automatic;
					};
					77B9128A1F700DB60043D749 = {
						CreatedOnToolsVersion = 9.0;
						ProvisioningStyle = Automatic;
						TestTargetID = 77B912761F700DB50043D749;
					};
					77B912951F700DB60043D749 = {
						CreatedOnToolsVersion = 9.0;
						ProvisioningStyle = Automatic;
						TestTargetID = 77B912761F700DB50043D749;
					};
				};
			};
			buildConfigurationList = 77B912721F700DB50043D749 /* Build configuration list for PBXProject "ImageRecognizerApp" */;
			compatibilityVersion = "Xcode 8.0";
			developmentRegion = en;
			hasScannedForEncodings = 0;
			knownRegions = (
				en,
				Base,
			);
			mainGroup = 77B9126E1F700DB50043D749;
			productRefGroup = 77B912781F700DB50043D749 /* Products */;
			projectDirPath = "";
			projectRoot = "";
			targets = (
				77B912761F700DB50043D749 /* ImageRecognizerApp */,
				77B9128A1F700DB60043D749 /* ImageRecognizerAppTests */,
				77B912951F700DB60043D749 /* ImageRecognizerAppUITests */,
			);
		};
/* End PBXProject section */

/* Begin PBXResourcesBuildPhase section */
		77B912751F700DB50043D749 /* Resources */ = {
			isa = PBXResourcesBuildPhase;
			buildActionMask = 2147483647;
			files = (
				77B912851F700DB50043D749 /* LaunchScreen.storyboard in Resources */,
				77B912821F700DB50043D749 /* Assets.xcassets in Resources */,
				77B912801F700DB50043D749 /* Main.storyboard in Resources */,
			);
			runOnlyForDeploymentPostprocessing = 0;
		};
		77B912891F700DB60043D749 /* Resources */ = {
			isa = PBXResourcesBuildPhase;
			buildActionMask = 2147483647;
			files = (
			);
			runOnlyForDeploymentPostprocessing = 0;
		};
		77B912941F700DB60043D749 /* Resources */ = {
			isa = PBXResourcesBuildPhase;
			buildActionMask = 2147483647;
			files = (
			);
			runOnlyForDeploymentPostprocessing = 0;
		};
/* End PBXResourcesBuildPhase section */

/* Begin PBXSourcesBuildPhase section */
		77B912731F700DB50043D749 /* Sources */ = {
			isa = PBXSourcesBuildPhase;
			buildActionMask = 2147483647;
			files = (
				77B912A91F7020B80043D749 /* Resnet50.mlmodel in Sources */,
				77B9127D1F700DB50043D749 /* ViewController.swift in Sources */,
				77B9127B1F700DB50043D749 /* AppDelegate.swift in Sources */,
			);
			runOnlyForDeploymentPostprocessing = 0;
		};
		77B912871F700DB60043D749 /* Sources */ = {
			isa = PBXSourcesBuildPhase;
			buildActionMask = 2147483647;
			files = (
				77B912901F700DB60043D749 /* ImageRecognizerAppTests.swift in Sources */,
			);
			runOnlyForDeploymentPostprocessing = 0;
		};
		77B912921F700DB60043D749 /* Sources */ = {
			isa = PBXSourcesBuildPhase;
			buildActionMask = 2147483647;
			files = (
				77B9129B1F700DB60043D749 /* ImageRecognizerAppUITests.swift in Sources */,
			);
			runOnlyForDeploymentPostprocessing = 0;
		};
/* End PBXSourcesBuildPhase section */

/* Begin PBXTargetDependency section */
		77B9128D1F700DB60043D749 /* PBXTargetDependency */ = {
			isa = PBXTargetDependency;
			target = 77B912761F700DB50043D749 /* ImageRecognizerApp */;
			targetProxy = 77B9128C1F700DB60043D749 /* PBXContainerItemProxy */;
		};
		77B912981F700DB60043D749 /* PBXTargetDependency */ = {
			isa = PBXTargetDependency;
			target = 77B912761F700DB50043D749 /* ImageRecognizerApp */;
			targetProxy = 77B912971F700DB60043D749 /* PBXContainerItemProxy */;
		};
/* End PBXTargetDependency section */

/* Begin PBXVariantGroup section */
		77B9127E1F700DB50043D749 /* Main.storyboard */ = {
			isa = PBXVariantGroup;
			children = (
				77B9127F1F700DB50043D749 /* Base */,
			);
			name = Main.storyboard;
			sourceTree = "<group>";
		};
		77B912831F700DB50043D749 /* LaunchScreen.storyboard */ = {
			isa = PBXVariantGroup;
			children = (
				77B912841F700DB50043D749 /* Base */,
			);
			name = LaunchScreen.storyboard;
			sourceTree = "<group>";
		};
/* End PBXVariantGroup section */

/* Begin XCBuildConfiguration section */
		77B9129D1F700DB60043D749 /* Debug */ = {
			isa = XCBuildConfiguration;
			buildSettings = {
				ALWAYS_SEARCH_USER_PATHS = NO;
				CLANG_ANALYZER_NONNULL = YES;
				CLANG_ANALYZER_NUMBER_OBJECT_CONVERSION = YES_AGGRESSIVE;
				CLANG_CXX_LANGUAGE_STANDARD = "gnu++14";
				CLANG_CXX_LIBRARY = "libc++";
				CLANG_ENABLE_MODULES = YES;
				CLANG_ENABLE_OBJC_ARC = YES;
				CLANG_WARN_BLOCK_CAPTURE_AUTORELEASING = YES;
				CLANG_WARN_BOOL_CONVERSION = YES;
				CLANG_WARN_COMMA = YES;
				CLANG_WARN_CONSTANT_CONVERSION = YES;
				CLANG_WARN_DIRECT_OBJC_ISA_USAGE = YES_ERROR;
				CLANG_WARN_DOCUMENTATION_COMMENTS = YES;
				CLANG_WARN_EMPTY_BODY = YES;
				CLANG_WARN_ENUM_CONVERSION = YES;
				CLANG_WARN_INFINITE_RECURSION = YES;
				CLANG_WARN_INT_CONVERSION = YES;
				CLANG_WARN_NON_LITERAL_NULL_CONVERSION = YES;
				CLANG_WARN_OBJC_LITERAL_CONVERSION = YES;
				CLANG_WARN_OBJC_ROOT_CLASS = YES_ERROR;
				CLANG_WARN_RANGE_LOOP_ANALYSIS = YES;
				CLANG_WARN_STRICT_PROTOTYPES = YES;
				CLANG_WARN_SUSPICIOUS_MOVE = YES;
				CLANG_WARN_UNGUARDED_AVAILABILITY = YES_AGGRESSIVE;
				CLANG_WARN_UNREACHABLE_CODE = YES;
				CLANG_WARN__DUPLICATE_METHOD_MATCH = YES;
				CODE_SIGN_IDENTITY = "iPhone Developer";
				COPY_PHASE_STRIP = NO;
				DEBUG_INFORMATION_FORMAT = dwarf;
				ENABLE_STRICT_OBJC_MSGSEND = YES;
				ENABLE_TESTABILITY = YES;
				GCC_C_LANGUAGE_STANDARD = gnu11;
				GCC_DYNAMIC_NO_PIC = NO;
				GCC_NO_COMMON_BLOCKS = YES;
				GCC_OPTIMIZATION_LEVEL = 0;
				GCC_PREPROCESSOR_DEFINITIONS = (
					"DEBUG=1",
					"$(inherited)",
				);
				GCC_WARN_64_TO_32_BIT_CONVERSION = YES;
				GCC_WARN_ABOUT_RETURN_TYPE = YES_ERROR;
				GCC_WARN_UNDECLARED_SELECTOR = YES;
				GCC_WARN_UNINITIALIZED_AUTOS = YES_AGGRESSIVE;
				GCC_WARN_UNUSED_FUNCTION = YES;
				GCC_WARN_UNUSED_VARIABLE = YES;
				IPHONEOS_DEPLOYMENT_TARGET = 11.0;
				MTL_ENABLE_DEBUG_INFO = YES;
				ONLY_ACTIVE_ARCH = YES;
				SDKROOT = iphoneos;
				SWIFT_ACTIVE_COMPILATION_CONDITIONS = DEBUG;
				SWIFT_OPTIMIZATION_LEVEL = "-Onone";
			};
			name = Debug;
		};
		77B9129E1F700DB60043D749 /* Release */ = {
			isa = XCBuildConfiguration;
			buildSettings = {
				ALWAYS_SEARCH_USER_PATHS = NO;
				CLANG_ANALYZER_NONNULL = YES;
				CLANG_ANALYZER_NUMBER_OBJECT_CONVERSION = YES_AGGRESSIVE;
				CLANG_CXX_LANGUAGE_STANDARD = "gnu++14";
				CLANG_CXX_LIBRARY = "libc++";
				CLANG_ENABLE_MODULES = YES;
				CLANG_ENABLE_OBJC_ARC = YES;
				CLANG_WARN_BLOCK_CAPTURE_AUTORELEASING = YES;
				CLANG_WARN_BOOL_CONVERSION = YES;
				CLANG_WARN_COMMA = YES;
				CLANG_WARN_CONSTANT_CONVERSION = YES;
				CLANG_WARN_DIRECT_OBJC_ISA_USAGE = YES_ERROR;
				CLANG_WARN_DOCUMENTATION_COMMENTS = YES;
				CLANG_WARN_EMPTY_BODY = YES;
				CLANG_WARN_ENUM_CONVERSION = YES;
				CLANG_WARN_INFINITE_RECURSION = YES;
				CLANG_WARN_INT_CONVERSION = YES;
				CLANG_WARN_NON_LITERAL_NULL_CONVERSION = YES;
				CLANG_WARN_OBJC_LITERAL_CONVERSION = YES;
				CLANG_WARN_OBJC_ROOT_CLASS = YES_ERROR;
				CLANG_WARN_RANGE_LOOP_ANALYSIS = YES;
				CLANG_WARN_STRICT_PROTOTYPES = YES;
				CLANG_WARN_SUSPICIOUS_MOVE = YES;
				CLANG_WARN_UNGUARDED_AVAILABILITY = YES_AGGRESSIVE;
				CLANG_WARN_UNREACHABLE_CODE = YES;
				CLANG_WARN__DUPLICATE_METHOD_MATCH = YES;
				CODE_SIGN_IDENTITY = "iPhone Developer";
				COPY_PHASE_STRIP = NO;
				DEBUG_INFORMATION_FORMAT = "dwarf-with-dsym";
				ENABLE_NS_ASSERTIONS = NO;
				ENABLE_STRICT_OBJC_MSGSEND = YES;
				GCC_C_LANGUAGE_STANDARD = gnu11;
				GCC_NO_COMMON_BLOCKS = YES;
				GCC_WARN_64_TO_32_BIT_CONVERSION = YES;
				GCC_WARN_ABOUT_RETURN_TYPE = YES_ERROR;
				GCC_WARN_UNDECLARED_SELECTOR = YES;
				GCC_WARN_UNINITIALIZED_AUTOS = YES_AGGRESSIVE;
				GCC_WARN_UNUSED_FUNCTION = YES;
				GCC_WARN_UNUSED_VARIABLE = YES;
				IPHONEOS_DEPLOYMENT_TARGET = 11.0;
				MTL_ENABLE_DEBUG_INFO = NO;
				SDKROOT = iphoneos;
				SWIFT_OPTIMIZATION_LEVEL = "-Owholemodule";
				VALIDATE_PRODUCT = YES;
			};
			name = Release;
		};
		77B912A01F700DB60043D749 /* Debug */ = {
			isa = XCBuildConfiguration;
			buildSettings = {
				ASSETCATALOG_COMPILER_APPICON_NAME = AppIcon;
				CODE_SIGN_STYLE = Automatic;
				DEVELOPMENT_TEAM = MYNKX3MUQJ;
				INFOPLIST_FILE = ImageRecognizerApp/Info.plist;
				LD_RUNPATH_SEARCH_PATHS = "$(inherited) @executable_path/Frameworks";
				PRODUCT_BUNDLE_IDENTIFIER = mnb.ImageRecognizerApp;
				PRODUCT_NAME = "$(TARGET_NAME)";
				SWIFT_VERSION = 4.0;
				TARGETED_DEVICE_FAMILY = "1,2";
			};
			name = Debug;
		};
		77B912A11F700DB60043D749 /* Release */ = {
			isa = XCBuildConfiguration;
			buildSettings = {
				ASSETCATALOG_COMPILER_APPICON_NAME = AppIcon;
				CODE_SIGN_STYLE = Automatic;
				DEVELOPMENT_TEAM = MYNKX3MUQJ;
				INFOPLIST_FILE = ImageRecognizerApp/Info.plist;
				LD_RUNPATH_SEARCH_PATHS = "$(inherited) @executable_path/Frameworks";
				PRODUCT_BUNDLE_IDENTIFIER = mnb.ImageRecognizerApp;
				PRODUCT_NAME = "$(TARGET_NAME)";
				SWIFT_VERSION = 4.0;
				TARGETED_DEVICE_FAMILY = "1,2";
			};
			name = Release;
		};
		77B912A31F700DB60043D749 /* Debug */ = {
			isa = XCBuildConfiguration;
			buildSettings = {
				ALWAYS_EMBED_SWIFT_STANDARD_LIBRARIES = YES;
				BUNDLE_LOADER = "$(TEST_HOST)";
				CODE_SIGN_STYLE = Automatic;
				INFOPLIST_FILE = ImageRecognizerAppTests/Info.plist;
				LD_RUNPATH_SEARCH_PATHS = "$(inherited) @executable_path/Frameworks @loader_path/Frameworks";
				PRODUCT_BUNDLE_IDENTIFIER = mnb.ImageRecognizerAppTests;
				PRODUCT_NAME = "$(TARGET_NAME)";
				SWIFT_VERSION = 4.0;
				TARGETED_DEVICE_FAMILY = "1,2";
				TEST_HOST = "$(BUILT_PRODUCTS_DIR)/ImageRecognizerApp.app/ImageRecognizerApp";
			};
			name = Debug;
		};
		77B912A41F700DB60043D749 /* Release */ = {
			isa = XCBuildConfiguration;
			buildSettings = {
				ALWAYS_EMBED_SWIFT_STANDARD_LIBRARIES = YES;
				BUNDLE_LOADER = "$(TEST_HOST)";
				CODE_SIGN_STYLE = Automatic;
				INFOPLIST_FILE = ImageRecognizerAppTests/Info.plist;
				LD_RUNPATH_SEARCH_PATHS = "$(inherited) @executable_path/Frameworks @loader_path/Frameworks";
				PRODUCT_BUNDLE_IDENTIFIER = mnb.ImageRecognizerAppTests;
				PRODUCT_NAME = "$(TARGET_NAME)";
				SWIFT_VERSION = 4.0;
				TARGETED_DEVICE_FAMILY = "1,2";
				TEST_HOST = "$(BUILT_PRODUCTS_DIR)/ImageRecognizerApp.app/ImageRecognizerApp";
			};
			name = Release;
		};
		77B912A61F700DB60043D749 /* Debug */ = {
			isa = XCBuildConfiguration;
			buildSettings = {
				ALWAYS_EMBED_SWIFT_STANDARD_LIBRARIES = YES;
				CODE_SIGN_STYLE = Automatic;
				INFOPLIST_FILE = ImageRecognizerAppUITests/Info.plist;
				LD_RUNPATH_SEARCH_PATHS = "$(inherited) @executable_path/Frameworks @loader_path/Frameworks";
				PRODUCT_BUNDLE_IDENTIFIER = mnb.ImageRecognizerAppUITests;
				PRODUCT_NAME = "$(TARGET_NAME)";
				SWIFT_VERSION = 4.0;
				TARGETED_DEVICE_FAMILY = "1,2";
				TEST_TARGET_NAME = ImageRecognizerApp;
			};
			name = Debug;
		};
		77B912A71F700DB60043D749 /* Release */ = {
			isa = XCBuildConfiguration;
			buildSettings = {
				ALWAYS_EMBED_SWIFT_STANDARD_LIBRARIES = YES;
				CODE_SIGN_STYLE = Automatic;
				INFOPLIST_FILE = ImageRecognizerAppUITests/Info.plist;
				LD_RUNPATH_SEARCH_PATHS = "$(inherited) @executable_path/Frameworks @loader_path/Frameworks";
				PRODUCT_BUNDLE_IDENTIFIER = mnb.ImageRecognizerAppUITests;
				PRODUCT_NAME = "$(TARGET_NAME)";
				SWIFT_VERSION = 4.0;
				TARGETED_DEVICE_FAMILY = "1,2";
				TEST_TARGET_NAME = ImageRecognizerApp;
			};
			name = Release;
		};
/* End XCBuildConfiguration section */

/* Begin XCConfigurationList section */
		77B912721F700DB50043D749 /* Build configuration list for PBXProject "ImageRecognizerApp" */ = {
			isa = XCConfigurationList;
			buildConfigurations = (
				77B9129D1F700DB60043D749 /* Debug */,
				77B9129E1F700DB60043D749 /* Release */,
			);
			defaultConfigurationIsVisible = 0;
			defaultConfigurationName = Release;
		};
		77B9129F1F700DB60043D749 /* Build configuration list for PBXNativeTarget "ImageRecognizerApp" */ = {
			isa = XCConfigurationList;
			buildConfigurations = (
				77B912A01F700DB60043D749 /* Debug */,
				77B912A11F700DB60043D749 /* Release */,
			);
			defaultConfigurationIsVisible = 0;
			defaultConfigurationName = Release;
		};
		77B912A21F700DB60043D749 /* Build configuration list for PBXNativeTarget "ImageRecognizerAppTests" */ = {
			isa = XCConfigurationList;
			buildConfigurations = (
				77B912A31F700DB60043D749 /* Debug */,
				77B912A41F700DB60043D749 /* Release */,
			);
			defaultConfigurationIsVisible = 0;
			defaultConfigurationName = Release;
		};
		77B912A51F700DB60043D749 /* Build configuration list for PBXNativeTarget "ImageRecognizerAppUITests" */ = {
			isa = XCConfigurationList;
			buildConfigurations = (
				77B912A61F700DB60043D749 /* Debug */,
				77B912A71F700DB60043D749 /* Release */,
			);
			defaultConfigurationIsVisible = 0;
			defaultConfigurationName = Release;
		};
/* End XCConfigurationList section */
	};
	rootObject = 77B9126F1F700DB50043D749 /* Project object */;
}
